
Microsoft Visual Studio Solution File, Format Version 12.00
# Visual Studio 14
VisualStudioVersion = 14.0.24720.0
MinimumVisualStudioVersion = 10.0.40219.1
Project("{FAE04EC0-301F-11D3-BF4B-00C04F79EFBC}") = "XTCSample.Droid", "XTCSample\XTCSample.Droid\XTCSample.Droid.csproj", "{DF7CF03D-21E9-43D1-80E6-E2C98E52129D}"
EndProject
Project("{FAE04EC0-301F-11D3-BF4B-00C04F79EFBC}") = "XTCSample.iOS", "XTCSample\XTCSample.iOS\XTCSample.iOS.csproj", "{EF49EFEC-13C7-433A-9A7B-A49150144F41}"
EndProject
Project("{FAE04EC0-301F-11D3-BF4B-00C04F79EFBC}") = "XTCSample.WinPhone", "XTCSample\XTCSample.WinPhone\XTCSample.WinPhone.csproj", "{330D0E7B-CD76-4D07-8AD7-2F5DAAAFE4DC}"
EndProject
Project("{FAE04EC0-301F-11D3-BF4B-00C04F79EFBC}") = "XTCSample.UWP", "XTCSample\XTCSample.UWP\XTCSample.UWP.csproj", "{F5AE38B3-F5F3-412D-80F4-4C93A9F9D80D}"
EndProject
Project("{FAE04EC0-301F-11D3-BF4B-00C04F79EFBC}") = "XTCSample.Windows", "XTCSample\XTCSample.Windows\XTCSample.Windows.csproj", "{784F6ECE-1304-4391-92BD-9B4467D68BB1}"
EndProject
Project("{FAE04EC0-301F-11D3-BF4B-00C04F79EFBC}") = "XTCSample", "XTCSample\XTCSample\XTCSample.csproj", "{E9859F04-BA52-4EFE-B368-B4F3F9D1CBD3}"
EndProject
Global
	GlobalSection(SolutionConfigurationPlatforms) = preSolution
		Ad-Hoc|Any CPU = Ad-Hoc|Any CPU
		Ad-Hoc|ARM = Ad-Hoc|ARM
		Ad-Hoc|iPhone = Ad-Hoc|iPhone
		Ad-Hoc|iPhoneSimulator = Ad-Hoc|iPhoneSimulator
		Ad-Hoc|x64 = Ad-Hoc|x64
		Ad-Hoc|x86 = Ad-Hoc|x86
		AppStore|Any CPU = AppStore|Any CPU
		AppStore|ARM = AppStore|ARM
		AppStore|iPhone = AppStore|iPhone
		AppStore|iPhoneSimulator = AppStore|iPhoneSimulator
		AppStore|x64 = AppStore|x64
		AppStore|x86 = AppStore|x86
		Debug|Any CPU = Debug|Any CPU
		Debug|ARM = Debug|ARM
		Debug|iPhone = Debug|iPhone
		Debug|iPhoneSimulator = Debug|iPhoneSimulator
		Debug|x64 = Debug|x64
		Debug|x86 = Debug|x86
		Release|Any CPU = Release|Any CPU
		Release|ARM = Release|ARM
		Release|iPhone = Release|iPhone
		Release|iPhoneSimulator = Release|iPhoneSimulator
		Release|x64 = Release|x64
		Release|x86 = Release|x86
	EndGlobalSection
	GlobalSection(ProjectConfigurationPlatforms) = postSolution
		{DF7CF03D-21E9-43D1-80E6-E2C98E52129D}.Ad-Hoc|Any CPU.ActiveCfg = Release|Any CPU
		{DF7CF03D-21E9-43D1-80E6-E2C98E52129D}.Ad-Hoc|Any CPU.Build.0 = Release|Any CPU
		{DF7CF03D-21E9-43D1-80E6-E2C98E52129D}.Ad-Hoc|Any CPU.Deploy.0 = Release|Any CPU
		{DF7CF03D-21E9-43D1-80E6-E2C98E52129D}.Ad-Hoc|ARM.ActiveCfg = Release|Any CPU
		{DF7CF03D-21E9-43D1-80E6-E2C98E52129D}.Ad-Hoc|ARM.Build.0 = Release|Any CPU
		{DF7CF03D-21E9-43D1-80E6-E2C98E52129D}.Ad-Hoc|ARM.Deploy.0 = Release|Any CPU
		{DF7CF03D-21E9-43D1-80E6-E2C98E52129D}.Ad-Hoc|iPhone.ActiveCfg = Release|Any CPU
		{DF7CF03D-21E9-43D1-80E6-E2C98E52129D}.Ad-Hoc|iPhone.Build.0 = Release|Any CPU
		{DF7CF03D-21E9-43D1-80E6-E2C98E52129D}.Ad-Hoc|iPhone.Deploy.0 = Release|Any CPU
		{DF7CF03D-21E9-43D1-80E6-E2C98E52129D}.Ad-Hoc|iPhoneSimulator.ActiveCfg = Release|Any CPU
		{DF7CF03D-21E9-43D1-80E6-E2C98E52129D}.Ad-Hoc|iPhoneSimulator.Build.0 = Release|Any CPU
		{DF7CF03D-21E9-43D1-80E6-E2C98E52129D}.Ad-Hoc|iPhoneSimulator.Deploy.0 = Release|Any CPU
		{DF7CF03D-21E9-43D1-80E6-E2C98E52129D}.Ad-Hoc|x64.ActiveCfg = Release|Any CPU
		{DF7CF03D-21E9-43D1-80E6-E2C98E52129D}.Ad-Hoc|x64.Build.0 = Release|Any CPU
		{DF7CF03D-21E9-43D1-80E6-E2C98E52129D}.Ad-Hoc|x64.Deploy.0 = Release|Any CPU
		{DF7CF03D-21E9-43D1-80E6-E2C98E52129D}.Ad-Hoc|x86.ActiveCfg = Release|Any CPU
		{DF7CF03D-21E9-43D1-80E6-E2C98E52129D}.Ad-Hoc|x86.Build.0 = Release|Any CPU
		{DF7CF03D-21E9-43D1-80E6-E2C98E52129D}.Ad-Hoc|x86.Deploy.0 = Release|Any CPU
		{DF7CF03D-21E9-43D1-80E6-E2C98E52129D}.AppStore|Any CPU.ActiveCfg = Release|Any CPU
		{DF7CF03D-21E9-43D1-80E6-E2C98E52129D}.AppStore|Any CPU.Build.0 = Release|Any CPU
		{DF7CF03D-21E9-43D1-80E6-E2C98E52129D}.AppStore|Any CPU.Deploy.0 = Release|Any CPU
		{DF7CF03D-21E9-43D1-80E6-E2C98E52129D}.AppStore|ARM.ActiveCfg = Release|Any CPU
		{DF7CF03D-21E9-43D1-80E6-E2C98E52129D}.AppStore|ARM.Build.0 = Release|Any CPU
		{DF7CF03D-21E9-43D1-80E6-E2C98E52129D}.AppStore|ARM.Deploy.0 = Release|Any CPU
		{DF7CF03D-21E9-43D1-80E6-E2C98E52129D}.AppStore|iPhone.ActiveCfg = Release|Any CPU
		{DF7CF03D-21E9-43D1-80E6-E2C98E52129D}.AppStore|iPhone.Build.0 = Release|Any CPU
		{DF7CF03D-21E9-43D1-80E6-E2C98E52129D}.AppStore|iPhone.Deploy.0 = Release|Any CPU
		{DF7CF03D-21E9-43D1-80E6-E2C98E52129D}.AppStore|iPhoneSimulator.ActiveCfg = Release|Any CPU
		{DF7CF03D-21E9-43D1-80E6-E2C98E52129D}.AppStore|iPhoneSimulator.Build.0 = Release|Any CPU
		{DF7CF03D-21E9-43D1-80E6-E2C98E52129D}.AppStore|iPhoneSimulator.Deploy.0 = Release|Any CPU
		{DF7CF03D-21E9-43D1-80E6-E2C98E52129D}.AppStore|x64.ActiveCfg = Release|Any CPU
		{DF7CF03D-21E9-43D1-80E6-E2C98E52129D}.AppStore|x64.Build.0 = Release|Any CPU
		{DF7CF03D-21E9-43D1-80E6-E2C98E52129D}.AppStore|x64.Deploy.0 = Release|Any CPU
		{DF7CF03D-21E9-43D1-80E6-E2C98E52129D}.AppStore|x86.ActiveCfg = Release|Any CPU
		{DF7CF03D-21E9-43D1-80E6-E2C98E52129D}.AppStore|x86.Build.0 = Release|Any CPU
		{DF7CF03D-21E9-43D1-80E6-E2C98E52129D}.AppStore|x86.Deploy.0 = Release|Any CPU
		{DF7CF03D-21E9-43D1-80E6-E2C98E52129D}.Debug|Any CPU.ActiveCfg = Debug|Any CPU
		{DF7CF03D-21E9-43D1-80E6-E2C98E52129D}.Debug|Any CPU.Build.0 = Debug|Any CPU
		{DF7CF03D-21E9-43D1-80E6-E2C98E52129D}.Debug|Any CPU.Deploy.0 = Debug|Any CPU
		{DF7CF03D-21E9-43D1-80E6-E2C98E52129D}.Debug|ARM.ActiveCfg = Debug|Any CPU
		{DF7CF03D-21E9-43D1-80E6-E2C98E52129D}.Debug|ARM.Build.0 = Debug|Any CPU
		{DF7CF03D-21E9-43D1-80E6-E2C98E52129D}.Debug|ARM.Deploy.0 = Debug|Any CPU
		{DF7CF03D-21E9-43D1-80E6-E2C98E52129D}.Debug|iPhone.ActiveCfg = Debug|Any CPU
		{DF7CF03D-21E9-43D1-80E6-E2C98E52129D}.Debug|iPhone.Build.0 = Debug|Any CPU
		{DF7CF03D-21E9-43D1-80E6-E2C98E52129D}.Debug|iPhone.Deploy.0 = Debug|Any CPU
		{DF7CF03D-21E9-43D1-80E6-E2C98E52129D}.Debug|iPhoneSimulator.ActiveCfg = Debug|Any CPU
		{DF7CF03D-21E9-43D1-80E6-E2C98E52129D}.Debug|iPhoneSimulator.Build.0 = Debug|Any CPU
		{DF7CF03D-21E9-43D1-80E6-E2C98E52129D}.Debug|iPhoneSimulator.Deploy.0 = Debug|Any CPU
		{DF7CF03D-21E9-43D1-80E6-E2C98E52129D}.Debug|x64.ActiveCfg = Debug|Any CPU
		{DF7CF03D-21E9-43D1-80E6-E2C98E52129D}.Debug|x64.Build.0 = Debug|Any CPU
		{DF7CF03D-21E9-43D1-80E6-E2C98E52129D}.Debug|x64.Deploy.0 = Debug|Any CPU
		{DF7CF03D-21E9-43D1-80E6-E2C98E52129D}.Debug|x86.ActiveCfg = Debug|Any CPU
		{DF7CF03D-21E9-43D1-80E6-E2C98E52129D}.Debug|x86.Build.0 = Debug|Any CPU
		{DF7CF03D-21E9-43D1-80E6-E2C98E52129D}.Debug|x86.Deploy.0 = Debug|Any CPU
		{DF7CF03D-21E9-43D1-80E6-E2C98E52129D}.Release|Any CPU.ActiveCfg = Release|Any CPU
		{DF7CF03D-21E9-43D1-80E6-E2C98E52129D}.Release|Any CPU.Build.0 = Release|Any CPU
		{DF7CF03D-21E9-43D1-80E6-E2C98E52129D}.Release|Any CPU.Deploy.0 = Release|Any CPU
		{DF7CF03D-21E9-43D1-80E6-E2C98E52129D}.Release|ARM.ActiveCfg = Release|Any CPU
		{DF7CF03D-21E9-43D1-80E6-E2C98E52129D}.Release|ARM.Build.0 = Release|Any CPU
		{DF7CF03D-21E9-43D1-80E6-E2C98E52129D}.Release|ARM.Deploy.0 = Release|Any CPU
		{DF7CF03D-21E9-43D1-80E6-E2C98E52129D}.Release|iPhone.ActiveCfg = Release|Any CPU
		{DF7CF03D-21E9-43D1-80E6-E2C98E52129D}.Release|iPhone.Build.0 = Release|Any CPU
		{DF7CF03D-21E9-43D1-80E6-E2C98E52129D}.Release|iPhone.Deploy.0 = Release|Any CPU
		{DF7CF03D-21E9-43D1-80E6-E2C98E52129D}.Release|iPhoneSimulator.ActiveCfg = Release|Any CPU
		{DF7CF03D-21E9-43D1-80E6-E2C98E52129D}.Release|iPhoneSimulator.Build.0 = Release|Any CPU
		{DF7CF03D-21E9-43D1-80E6-E2C98E52129D}.Release|iPhoneSimulator.Deploy.0 = Release|Any CPU
		{DF7CF03D-21E9-43D1-80E6-E2C98E52129D}.Release|x64.ActiveCfg = Release|Any CPU
		{DF7CF03D-21E9-43D1-80E6-E2C98E52129D}.Release|x64.Build.0 = Release|Any CPU
		{DF7CF03D-21E9-43D1-80E6-E2C98E52129D}.Release|x64.Deploy.0 = Release|Any CPU
		{DF7CF03D-21E9-43D1-80E6-E2C98E52129D}.Release|x86.ActiveCfg = Release|Any CPU
		{DF7CF03D-21E9-43D1-80E6-E2C98E52129D}.Release|x86.Build.0 = Release|Any CPU
		{DF7CF03D-21E9-43D1-80E6-E2C98E52129D}.Release|x86.Deploy.0 = Release|Any CPU
		{EF49EFEC-13C7-433A-9A7B-A49150144F41}.Ad-Hoc|Any CPU.ActiveCfg = Ad-Hoc|iPhone
		{EF49EFEC-13C7-433A-9A7B-A49150144F41}.Ad-Hoc|ARM.ActiveCfg = Ad-Hoc|iPhone
		{EF49EFEC-13C7-433A-9A7B-A49150144F41}.Ad-Hoc|iPhone.ActiveCfg = Ad-Hoc|iPhone
		{EF49EFEC-13C7-433A-9A7B-A49150144F41}.Ad-Hoc|iPhone.Build.0 = Ad-Hoc|iPhone
		{EF49EFEC-13C7-433A-9A7B-A49150144F41}.Ad-Hoc|iPhoneSimulator.ActiveCfg = Ad-Hoc|iPhoneSimulator
		{EF49EFEC-13C7-433A-9A7B-A49150144F41}.Ad-Hoc|iPhoneSimulator.Build.0 = Ad-Hoc|iPhoneSimulator
		{EF49EFEC-13C7-433A-9A7B-A49150144F41}.Ad-Hoc|x64.ActiveCfg = Ad-Hoc|iPhone
		{EF49EFEC-13C7-433A-9A7B-A49150144F41}.Ad-Hoc|x86.ActiveCfg = Ad-Hoc|iPhone
		{EF49EFEC-13C7-433A-9A7B-A49150144F41}.AppStore|Any CPU.ActiveCfg = AppStore|iPhone
		{EF49EFEC-13C7-433A-9A7B-A49150144F41}.AppStore|ARM.ActiveCfg = AppStore|iPhone
		{EF49EFEC-13C7-433A-9A7B-A49150144F41}.AppStore|iPhone.ActiveCfg = AppStore|iPhone
		{EF49EFEC-13C7-433A-9A7B-A49150144F41}.AppStore|iPhone.Build.0 = AppStore|iPhone
		{EF49EFEC-13C7-433A-9A7B-A49150144F41}.AppStore|iPhoneSimulator.ActiveCfg = AppStore|iPhoneSimulator
		{EF49EFEC-13C7-433A-9A7B-A49150144F41}.AppStore|iPhoneSimulator.Build.0 = AppStore|iPhoneSimulator
		{EF49EFEC-13C7-433A-9A7B-A49150144F41}.AppStore|x64.ActiveCfg = AppStore|iPhone
		{EF49EFEC-13C7-433A-9A7B-A49150144F41}.AppStore|x86.ActiveCfg = AppStore|iPhone
		{EF49EFEC-13C7-433A-9A7B-A49150144F41}.Debug|Any CPU.ActiveCfg = Debug|iPhone
		{EF49EFEC-13C7-433A-9A7B-A49150144F41}.Debug|ARM.ActiveCfg = Debug|iPhone
		{EF49EFEC-13C7-433A-9A7B-A49150144F41}.Debug|iPhone.ActiveCfg = Debug|iPhone
		{EF49EFEC-13C7-433A-9A7B-A49150144F41}.Debug|iPhone.Build.0 = Debug|iPhone
		{EF49EFEC-13C7-433A-9A7B-A49150144F41}.Debug|iPhoneSimulator.ActiveCfg = Debug|iPhoneSimulator
		{EF49EFEC-13C7-433A-9A7B-A49150144F41}.Debug|iPhoneSimulator.Build.0 = Debug|iPhoneSimulator
		{EF49EFEC-13C7-433A-9A7B-A49150144F41}.Debug|x64.ActiveCfg = Debug|iPhone
		{EF49EFEC-13C7-433A-9A7B-A49150144F41}.Debug|x86.ActiveCfg = Debug|iPhone
		{EF49EFEC-13C7-433A-9A7B-A49150144F41}.Release|Any CPU.ActiveCfg = Release|iPhone
		{EF49EFEC-13C7-433A-9A7B-A49150144F41}.Release|ARM.ActiveCfg = Release|iPhone
		{EF49EFEC-13C7-433A-9A7B-A49150144F41}.Release|iPhone.ActiveCfg = Release|iPhone
		{EF49EFEC-13C7-433A-9A7B-A49150144F41}.Release|iPhone.Build.0 = Release|iPhone
		{EF49EFEC-13C7-433A-9A7B-A49150144F41}.Release|iPhoneSimulator.ActiveCfg = Release|iPhoneSimulator
		{EF49EFEC-13C7-433A-9A7B-A49150144F41}.Release|iPhoneSimulator.Build.0 = Release|iPhoneSimulator
		{EF49EFEC-13C7-433A-9A7B-A49150144F41}.Release|x64.ActiveCfg = Release|iPhone
		{EF49EFEC-13C7-433A-9A7B-A49150144F41}.Release|x86.ActiveCfg = Release|iPhone
		{330D0E7B-CD76-4D07-8AD7-2F5DAAAFE4DC}.Ad-Hoc|Any CPU.ActiveCfg = Release|Any CPU
		{330D0E7B-CD76-4D07-8AD7-2F5DAAAFE4DC}.Ad-Hoc|Any CPU.Build.0 = Release|Any CPU
		{330D0E7B-CD76-4D07-8AD7-2F5DAAAFE4DC}.Ad-Hoc|Any CPU.Deploy.0 = Release|Any CPU
		{330D0E7B-CD76-4D07-8AD7-2F5DAAAFE4DC}.Ad-Hoc|ARM.ActiveCfg = Release|ARM
		{330D0E7B-CD76-4D07-8AD7-2F5DAAAFE4DC}.Ad-Hoc|ARM.Build.0 = Release|ARM
		{330D0E7B-CD76-4D07-8AD7-2F5DAAAFE4DC}.Ad-Hoc|ARM.Deploy.0 = Release|ARM
		{330D0E7B-CD76-4D07-8AD7-2F5DAAAFE4DC}.Ad-Hoc|iPhone.ActiveCfg = Release|Any CPU
		{330D0E7B-CD76-4D07-8AD7-2F5DAAAFE4DC}.Ad-Hoc|iPhone.Build.0 = Release|Any CPU
		{330D0E7B-CD76-4D07-8AD7-2F5DAAAFE4DC}.Ad-Hoc|iPhone.Deploy.0 = Release|Any CPU
		{330D0E7B-CD76-4D07-8AD7-2F5DAAAFE4DC}.Ad-Hoc|iPhoneSimulator.ActiveCfg = Release|Any CPU
		{330D0E7B-CD76-4D07-8AD7-2F5DAAAFE4DC}.Ad-Hoc|iPhoneSimulator.Build.0 = Release|Any CPU
		{330D0E7B-CD76-4D07-8AD7-2F5DAAAFE4DC}.Ad-Hoc|iPhoneSimulator.Deploy.0 = Release|Any CPU
		{330D0E7B-CD76-4D07-8AD7-2F5DAAAFE4DC}.Ad-Hoc|x64.ActiveCfg = Release|Any CPU
		{330D0E7B-CD76-4D07-8AD7-2F5DAAAFE4DC}.Ad-Hoc|x64.Build.0 = Release|Any CPU
		{330D0E7B-CD76-4D07-8AD7-2F5DAAAFE4DC}.Ad-Hoc|x64.Deploy.0 = Release|Any CPU
		{330D0E7B-CD76-4D07-8AD7-2F5DAAAFE4DC}.Ad-Hoc|x86.ActiveCfg = Release|x86
		{330D0E7B-CD76-4D07-8AD7-2F5DAAAFE4DC}.Ad-Hoc|x86.Build.0 = Release|x86
		{330D0E7B-CD76-4D07-8AD7-2F5DAAAFE4DC}.Ad-Hoc|x86.Deploy.0 = Release|x86
		{330D0E7B-CD76-4D07-8AD7-2F5DAAAFE4DC}.AppStore|Any CPU.ActiveCfg = Release|Any CPU
		{330D0E7B-CD76-4D07-8AD7-2F5DAAAFE4DC}.AppStore|Any CPU.Build.0 = Release|Any CPU
		{330D0E7B-CD76-4D07-8AD7-2F5DAAAFE4DC}.AppStore|Any CPU.Deploy.0 = Release|Any CPU
		{330D0E7B-CD76-4D07-8AD7-2F5DAAAFE4DC}.AppStore|ARM.ActiveCfg = Release|ARM
		{330D0E7B-CD76-4D07-8AD7-2F5DAAAFE4DC}.AppStore|ARM.Build.0 = Release|ARM
		{330D0E7B-CD76-4D07-8AD7-2F5DAAAFE4DC}.AppStore|ARM.Deploy.0 = Release|ARM
		{330D0E7B-CD76-4D07-8AD7-2F5DAAAFE4DC}.AppStore|iPhone.ActiveCfg = Release|Any CPU
		{330D0E7B-CD76-4D07-8AD7-2F5DAAAFE4DC}.AppStore|iPhone.Build.0 = Release|Any CPU
		{330D0E7B-CD76-4D07-8AD7-2F5DAAAFE4DC}.AppStore|iPhone.Deploy.0 = Release|Any CPU
		{330D0E7B-CD76-4D07-8AD7-2F5DAAAFE4DC}.AppStore|iPhoneSimulator.ActiveCfg = Release|Any CPU
		{330D0E7B-CD76-4D07-8AD7-2F5DAAAFE4DC}.AppStore|iPhoneSimulator.Build.0 = Release|Any CPU
		{330D0E7B-CD76-4D07-8AD7-2F5DAAAFE4DC}.AppStore|iPhoneSimulator.Deploy.0 = Release|Any CPU
		{330D0E7B-CD76-4D07-8AD7-2F5DAAAFE4DC}.AppStore|x64.ActiveCfg = Release|Any CPU
		{330D0E7B-CD76-4D07-8AD7-2F5DAAAFE4DC}.AppStore|x64.Build.0 = Release|Any CPU
		{330D0E7B-CD76-4D07-8AD7-2F5DAAAFE4DC}.AppStore|x64.Deploy.0 = Release|Any CPU
		{330D0E7B-CD76-4D07-8AD7-2F5DAAAFE4DC}.AppStore|x86.ActiveCfg = Release|x86
		{330D0E7B-CD76-4D07-8AD7-2F5DAAAFE4DC}.AppStore|x86.Build.0 = Release|x86
		{330D0E7B-CD76-4D07-8AD7-2F5DAAAFE4DC}.AppStore|x86.Deploy.0 = Release|x86
		{330D0E7B-CD76-4D07-8AD7-2F5DAAAFE4DC}.Debug|Any CPU.ActiveCfg = Debug|Any CPU
		{330D0E7B-CD76-4D07-8AD7-2F5DAAAFE4DC}.Debug|Any CPU.Build.0 = Debug|Any CPU
		{330D0E7B-CD76-4D07-8AD7-2F5DAAAFE4DC}.Debug|Any CPU.Deploy.0 = Debug|Any CPU
		{330D0E7B-CD76-4D07-8AD7-2F5DAAAFE4DC}.Debug|ARM.ActiveCfg = Debug|ARM
		{330D0E7B-CD76-4D07-8AD7-2F5DAAAFE4DC}.Debug|ARM.Build.0 = Debug|ARM
		{330D0E7B-CD76-4D07-8AD7-2F5DAAAFE4DC}.Debug|ARM.Deploy.0 = Debug|ARM
		{330D0E7B-CD76-4D07-8AD7-2F5DAAAFE4DC}.Debug|iPhone.ActiveCfg = Debug|Any CPU
		{330D0E7B-CD76-4D07-8AD7-2F5DAAAFE4DC}.Debug|iPhone.Build.0 = Debug|Any CPU
		{330D0E7B-CD76-4D07-8AD7-2F5DAAAFE4DC}.Debug|iPhone.Deploy.0 = Debug|Any CPU
		{330D0E7B-CD76-4D07-8AD7-2F5DAAAFE4DC}.Debug|iPhoneSimulator.ActiveCfg = Debug|Any CPU
		{330D0E7B-CD76-4D07-8AD7-2F5DAAAFE4DC}.Debug|iPhoneSimulator.Build.0 = Debug|Any CPU
		{330D0E7B-CD76-4D07-8AD7-2F5DAAAFE4DC}.Debug|iPhoneSimulator.Deploy.0 = Debug|Any CPU
		{330D0E7B-CD76-4D07-8AD7-2F5DAAAFE4DC}.Debug|x64.ActiveCfg = Debug|Any CPU
		{330D0E7B-CD76-4D07-8AD7-2F5DAAAFE4DC}.Debug|x64.Build.0 = Debug|Any CPU
		{330D0E7B-CD76-4D07-8AD7-2F5DAAAFE4DC}.Debug|x64.Deploy.0 = Debug|Any CPU
		{330D0E7B-CD76-4D07-8AD7-2F5DAAAFE4DC}.Debug|x86.ActiveCfg = Debug|x86
		{330D0E7B-CD76-4D07-8AD7-2F5DAAAFE4DC}.Debug|x86.Build.0 = Debug|x86
		{330D0E7B-CD76-4D07-8AD7-2F5DAAAFE4DC}.Debug|x86.Deploy.0 = Debug|x86
		{330D0E7B-CD76-4D07-8AD7-2F5DAAAFE4DC}.Release|Any CPU.ActiveCfg = Release|Any CPU
		{330D0E7B-CD76-4D07-8AD7-2F5DAAAFE4DC}.Release|Any CPU.Build.0 = Release|Any CPU
		{330D0E7B-CD76-4D07-8AD7-2F5DAAAFE4DC}.Release|Any CPU.Deploy.0 = Release|Any CPU
		{330D0E7B-CD76-4D07-8AD7-2F5DAAAFE4DC}.Release|ARM.ActiveCfg = Release|ARM
		{330D0E7B-CD76-4D07-8AD7-2F5DAAAFE4DC}.Release|ARM.Build.0 = Release|ARM
		{330D0E7B-CD76-4D07-8AD7-2F5DAAAFE4DC}.Release|ARM.Deploy.0 = Release|ARM
		{330D0E7B-CD76-4D07-8AD7-2F5DAAAFE4DC}.Release|iPhone.ActiveCfg = Release|Any CPU
		{330D0E7B-CD76-4D07-8AD7-2F5DAAAFE4DC}.Release|iPhone.Build.0 = Release|Any CPU
		{330D0E7B-CD76-4D07-8AD7-2F5DAAAFE4DC}.Release|iPhone.Deploy.0 = Release|Any CPU
		{330D0E7B-CD76-4D07-8AD7-2F5DAAAFE4DC}.Release|iPhoneSimulator.ActiveCfg = Release|Any CPU
		{330D0E7B-CD76-4D07-8AD7-2F5DAAAFE4DC}.Release|iPhoneSimulator.Build.0 = Release|Any CPU
		{330D0E7B-CD76-4D07-8AD7-2F5DAAAFE4DC}.Release|iPhoneSimulator.Deploy.0 = Release|Any CPU
		{330D0E7B-CD76-4D07-8AD7-2F5DAAAFE4DC}.Release|x64.ActiveCfg = Release|Any CPU
		{330D0E7B-CD76-4D07-8AD7-2F5DAAAFE4DC}.Release|x64.Build.0 = Release|Any CPU
		{330D0E7B-CD76-4D07-8AD7-2F5DAAAFE4DC}.Release|x64.Deploy.0 = Release|Any CPU
		{330D0E7B-CD76-4D07-8AD7-2F5DAAAFE4DC}.Release|x86.ActiveCfg = Release|x86
		{330D0E7B-CD76-4D07-8AD7-2F5DAAAFE4DC}.Release|x86.Build.0 = Release|x86
		{330D0E7B-CD76-4D07-8AD7-2F5DAAAFE4DC}.Release|x86.Deploy.0 = Release|x86
		{F5AE38B3-F5F3-412D-80F4-4C93A9F9D80D}.Ad-Hoc|Any CPU.ActiveCfg = Release|x86
		{F5AE38B3-F5F3-412D-80F4-4C93A9F9D80D}.Ad-Hoc|Any CPU.Build.0 = Release|x86
		{F5AE38B3-F5F3-412D-80F4-4C93A9F9D80D}.Ad-Hoc|Any CPU.Deploy.0 = Release|x86
		{F5AE38B3-F5F3-412D-80F4-4C93A9F9D80D}.Ad-Hoc|ARM.ActiveCfg = Release|ARM
		{F5AE38B3-F5F3-412D-80F4-4C93A9F9D80D}.Ad-Hoc|ARM.Build.0 = Release|ARM
		{F5AE38B3-F5F3-412D-80F4-4C93A9F9D80D}.Ad-Hoc|ARM.Deploy.0 = Release|ARM
		{F5AE38B3-F5F3-412D-80F4-4C93A9F9D80D}.Ad-Hoc|iPhone.ActiveCfg = Release|x86
		{F5AE38B3-F5F3-412D-80F4-4C93A9F9D80D}.Ad-Hoc|iPhone.Build.0 = Release|x86
		{F5AE38B3-F5F3-412D-80F4-4C93A9F9D80D}.Ad-Hoc|iPhone.Deploy.0 = Release|x86
		{F5AE38B3-F5F3-412D-80F4-4C93A9F9D80D}.Ad-Hoc|iPhoneSimulator.ActiveCfg = Release|x86
		{F5AE38B3-F5F3-412D-80F4-4C93A9F9D80D}.Ad-Hoc|iPhoneSimulator.Build.0 = Release|x86
		{F5AE38B3-F5F3-412D-80F4-4C93A9F9D80D}.Ad-Hoc|iPhoneSimulator.Deploy.0 = Release|x86
		{F5AE38B3-F5F3-412D-80F4-4C93A9F9D80D}.Ad-Hoc|x64.ActiveCfg = Release|x64
		{F5AE38B3-F5F3-412D-80F4-4C93A9F9D80D}.Ad-Hoc|x64.Build.0 = Release|x64
		{F5AE38B3-F5F3-412D-80F4-4C93A9F9D80D}.Ad-Hoc|x64.Deploy.0 = Release|x64
		{F5AE38B3-F5F3-412D-80F4-4C93A9F9D80D}.Ad-Hoc|x86.ActiveCfg = Release|x86
		{F5AE38B3-F5F3-412D-80F4-4C93A9F9D80D}.Ad-Hoc|x86.Build.0 = Release|x86
		{F5AE38B3-F5F3-412D-80F4-4C93A9F9D80D}.Ad-Hoc|x86.Deploy.0 = Release|x86
		{F5AE38B3-F5F3-412D-80F4-4C93A9F9D80D}.AppStore|Any CPU.ActiveCfg = Release|x86
		{F5AE38B3-F5F3-412D-80F4-4C93A9F9D80D}.AppStore|Any CPU.Build.0 = Release|x86
		{F5AE38B3-F5F3-412D-80F4-4C93A9F9D80D}.AppStore|Any CPU.Deploy.0 = Release|x86
		{F5AE38B3-F5F3-412D-80F4-4C93A9F9D80D}.AppStore|ARM.ActiveCfg = Release|ARM
		{F5AE38B3-F5F3-412D-80F4-4C93A9F9D80D}.AppStore|ARM.Build.0 = Release|ARM
		{F5AE38B3-F5F3-412D-80F4-4C93A9F9D80D}.AppStore|ARM.Deploy.0 = Release|ARM
		{F5AE38B3-F5F3-412D-80F4-4C93A9F9D80D}.AppStore|iPhone.ActiveCfg = Release|x86
		{F5AE38B3-F5F3-412D-80F4-4C93A9F9D80D}.AppStore|iPhone.Build.0 = Release|x86
		{F5AE38B3-F5F3-412D-80F4-4C93A9F9D80D}.AppStore|iPhone.Deploy.0 = Release|x86
		{F5AE38B3-F5F3-412D-80F4-4C93A9F9D80D}.AppStore|iPhoneSimulator.ActiveCfg = Release|x86
		{F5AE38B3-F5F3-412D-80F4-4C93A9F9D80D}.AppStore|iPhoneSimulator.Build.0 = Release|x86
		{F5AE38B3-F5F3-412D-80F4-4C93A9F9D80D}.AppStore|iPhoneSimulator.Deploy.0 = Release|x86
		{F5AE38B3-F5F3-412D-80F4-4C93A9F9D80D}.AppStore|x64.ActiveCfg = Release|x64
		{F5AE38B3-F5F3-412D-80F4-4C93A9F9D80D}.AppStore|x64.Build.0 = Release|x64
		{F5AE38B3-F5F3-412D-80F4-4C93A9F9D80D}.AppStore|x64.Deploy.0 = Release|x64
		{F5AE38B3-F5F3-412D-80F4-4C93A9F9D80D}.AppStore|x86.ActiveCfg = Release|x86
		{F5AE38B3-F5F3-412D-80F4-4C93A9F9D80D}.AppStore|x86.Build.0 = Release|x86
		{F5AE38B3-F5F3-412D-80F4-4C93A9F9D80D}.AppStore|x86.Deploy.0 = Release|x86
		{F5AE38B3-F5F3-412D-80F4-4C93A9F9D80D}.Debug|Any CPU.ActiveCfg = Debug|x86
		{F5AE38B3-F5F3-412D-80F4-4C93A9F9D80D}.Debug|ARM.ActiveCfg = Debug|ARM
		{F5AE38B3-F5F3-412D-80F4-4C93A9F9D80D}.Debug|ARM.Build.0 = Debug|ARM
		{F5AE38B3-F5F3-412D-80F4-4C93A9F9D80D}.Debug|ARM.Deploy.0 = Debug|ARM
		{F5AE38B3-F5F3-412D-80F4-4C93A9F9D80D}.Debug|iPhone.ActiveCfg = Debug|x86
		{F5AE38B3-F5F3-412D-80F4-4C93A9F9D80D}.Debug|iPhoneSimulator.ActiveCfg = Debug|x86
		{F5AE38B3-F5F3-412D-80F4-4C93A9F9D80D}.Debug|x64.ActiveCfg = Debug|x64
		{F5AE38B3-F5F3-412D-80F4-4C93A9F9D80D}.Debug|x64.Build.0 = Debug|x64
		{F5AE38B3-F5F3-412D-80F4-4C93A9F9D80D}.Debug|x64.Deploy.0 = Debug|x64
		{F5AE38B3-F5F3-412D-80F4-4C93A9F9D80D}.Debug|x86.ActiveCfg = Debug|x86
		{F5AE38B3-F5F3-412D-80F4-4C93A9F9D80D}.Debug|x86.Build.0 = Debug|x86
		{F5AE38B3-F5F3-412D-80F4-4C93A9F9D80D}.Debug|x86.Deploy.0 = Debug|x86
		{F5AE38B3-F5F3-412D-80F4-4C93A9F9D80D}.Release|Any CPU.ActiveCfg = Release|x86
		{F5AE38B3-F5F3-412D-80F4-4C93A9F9D80D}.Release|ARM.ActiveCfg = Release|ARM
		{F5AE38B3-F5F3-412D-80F4-4C93A9F9D80D}.Release|ARM.Build.0 = Release|ARM
		{F5AE38B3-F5F3-412D-80F4-4C93A9F9D80D}.Release|ARM.Deploy.0 = Release|ARM
		{F5AE38B3-F5F3-412D-80F4-4C93A9F9D80D}.Release|iPhone.ActiveCfg = Release|x86
		{F5AE38B3-F5F3-412D-80F4-4C93A9F9D80D}.Release|iPhoneSimulator.ActiveCfg = Release|x86
		{F5AE38B3-F5F3-412D-80F4-4C93A9F9D80D}.Release|x64.ActiveCfg = Release|x64
		{F5AE38B3-F5F3-412D-80F4-4C93A9F9D80D}.Release|x64.Build.0 = Release|x64
		{F5AE38B3-F5F3-412D-80F4-4C93A9F9D80D}.Release|x64.Deploy.0 = Release|x64
		{F5AE38B3-F5F3-412D-80F4-4C93A9F9D80D}.Release|x86.ActiveCfg = Release|x86
		{F5AE38B3-F5F3-412D-80F4-4C93A9F9D80D}.Release|x86.Build.0 = Release|x86
		{F5AE38B3-F5F3-412D-80F4-4C93A9F9D80D}.Release|x86.Deploy.0 = Release|x86
		{784F6ECE-1304-4391-92BD-9B4467D68BB1}.Ad-Hoc|Any CPU.ActiveCfg = Release|Any CPU
		{784F6ECE-1304-4391-92BD-9B4467D68BB1}.Ad-Hoc|Any CPU.Build.0 = Release|Any CPU
		{784F6ECE-1304-4391-92BD-9B4467D68BB1}.Ad-Hoc|Any CPU.Deploy.0 = Release|Any CPU
		{784F6ECE-1304-4391-92BD-9B4467D68BB1}.Ad-Hoc|ARM.ActiveCfg = Release|ARM
		{784F6ECE-1304-4391-92BD-9B4467D68BB1}.Ad-Hoc|ARM.Build.0 = Release|ARM
		{784F6ECE-1304-4391-92BD-9B4467D68BB1}.Ad-Hoc|ARM.Deploy.0 = Release|ARM
		{784F6ECE-1304-4391-92BD-9B4467D68BB1}.Ad-Hoc|iPhone.ActiveCfg = Release|Any CPU
		{784F6ECE-1304-4391-92BD-9B4467D68BB1}.Ad-Hoc|iPhone.Build.0 = Release|Any CPU
		{784F6ECE-1304-4391-92BD-9B4467D68BB1}.Ad-Hoc|iPhone.Deploy.0 = Release|Any CPU
		{784F6ECE-1304-4391-92BD-9B4467D68BB1}.Ad-Hoc|iPhoneSimulator.ActiveCfg = Release|Any CPU
		{784F6ECE-1304-4391-92BD-9B4467D68BB1}.Ad-Hoc|iPhoneSimulator.Build.0 = Release|Any CPU
		{784F6ECE-1304-4391-92BD-9B4467D68BB1}.Ad-Hoc|iPhoneSimulator.Deploy.0 = Release|Any CPU
		{784F6ECE-1304-4391-92BD-9B4467D68BB1}.Ad-Hoc|x64.ActiveCfg = Release|x64
		{784F6ECE-1304-4391-92BD-9B4467D68BB1}.Ad-Hoc|x64.Build.0 = Release|x64
		{784F6ECE-1304-4391-92BD-9B4467D68BB1}.Ad-Hoc|x64.Deploy.0 = Release|x64
		{784F6ECE-1304-4391-92BD-9B4467D68BB1}.Ad-Hoc|x86.ActiveCfg = Release|x86
		{784F6ECE-1304-4391-92BD-9B4467D68BB1}.Ad-Hoc|x86.Build.0 = Release|x86
		{784F6ECE-1304-4391-92BD-9B4467D68BB1}.Ad-Hoc|x86.Deploy.0 = Release|x86
		{784F6ECE-1304-4391-92BD-9B4467D68BB1}.AppStore|Any CPU.ActiveCfg = Release|Any CPU
		{784F6ECE-1304-4391-92BD-9B4467D68BB1}.AppStore|Any CPU.Build.0 = Release|Any CPU
		{784F6ECE-1304-4391-92BD-9B4467D68BB1}.AppStore|Any CPU.Deploy.0 = Release|Any CPU
		{784F6ECE-1304-4391-92BD-9B4467D68BB1}.AppStore|ARM.ActiveCfg = Release|ARM
		{784F6ECE-1304-4391-92BD-9B4467D68BB1}.AppStore|ARM.Build.0 = Release|ARM
		{784F6ECE-1304-4391-92BD-9B4467D68BB1}.AppStore|ARM.Deploy.0 = Release|ARM
		{784F6ECE-1304-4391-92BD-9B4467D68BB1}.AppStore|iPhone.ActiveCfg = Release|Any CPU
		{784F6ECE-1304-4391-92BD-9B4467D68BB1}.AppStore|iPhone.Build.0 = Release|Any CPU
		{784F6ECE-1304-4391-92BD-9B4467D68BB1}.AppStore|iPhone.Deploy.0 = Release|Any CPU
		{784F6ECE-1304-4391-92BD-9B4467D68BB1}.AppStore|iPhoneSimulator.ActiveCfg = Release|Any CPU
		{784F6ECE-1304-4391-92BD-9B4467D68BB1}.AppStore|iPhoneSimulator.Build.0 = Release|Any CPU
		{784F6ECE-1304-4391-92BD-9B4467D68BB1}.AppStore|iPhoneSimulator.Deploy.0 = Release|Any CPU
		{784F6ECE-1304-4391-92BD-9B4467D68BB1}.AppStore|x64.ActiveCfg = Release|x64
		{784F6ECE-1304-4391-92BD-9B4467D68BB1}.AppStore|x64.Build.0 = Release|x64
		{784F6ECE-1304-4391-92BD-9B4467D68BB1}.AppStore|x64.Deploy.0 = Release|x64
		{784F6ECE-1304-4391-92BD-9B4467D68BB1}.AppStore|x86.ActiveCfg = Release|x86
		{784F6ECE-1304-4391-92BD-9B4467D68BB1}.AppStore|x86.Build.0 = Release|x86
		{784F6ECE-1304-4391-92BD-9B4467D68BB1}.AppStore|x86.Deploy.0 = Release|x86
		{784F6ECE-1304-4391-92BD-9B4467D68BB1}.Debug|Any CPU.ActiveCfg = Debug|Any CPU
		{784F6ECE-1304-4391-92BD-9B4467D68BB1}.Debug|Any CPU.Build.0 = Debug|Any CPU
		{784F6ECE-1304-4391-92BD-9B4467D68BB1}.Debug|Any CPU.Deploy.0 = Debug|Any CPU
		{784F6ECE-1304-4391-92BD-9B4467D68BB1}.Debug|ARM.ActiveCfg = Debug|ARM
		{784F6ECE-1304-4391-92BD-9B4467D68BB1}.Debug|ARM.Build.0 = Debug|ARM
		{784F6ECE-1304-4391-92BD-9B4467D68BB1}.Debug|ARM.Deploy.0 = Debug|ARM
		{784F6ECE-1304-4391-92BD-9B4467D68BB1}.Debug|iPhone.ActiveCfg = Debug|Any CPU
		{784F6ECE-1304-4391-92BD-9B4467D68BB1}.Debug|iPhone.Build.0 = Debug|Any CPU
		{784F6ECE-1304-4391-92BD-9B4467D68BB1}.Debug|iPhone.Deploy.0 = Debug|Any CPU
		{784F6ECE-1304-4391-92BD-9B4467D68BB1}.Debug|iPhoneSimulator.ActiveCfg = Debug|Any CPU
		{784F6ECE-1304-4391-92BD-9B4467D68BB1}.Debug|iPhoneSimulator.Build.0 = Debug|Any CPU
		{784F6ECE-1304-4391-92BD-9B4467D68BB1}.Debug|iPhoneSimulator.Deploy.0 = Debug|Any CPU
		{784F6ECE-1304-4391-92BD-9B4467D68BB1}.Debug|x64.ActiveCfg = Debug|x64
		{784F6ECE-1304-4391-92BD-9B4467D68BB1}.Debug|x64.Build.0 = Debug|x64
		{784F6ECE-1304-4391-92BD-9B4467D68BB1}.Debug|x64.Deploy.0 = Debug|x64
		{784F6ECE-1304-4391-92BD-9B4467D68BB1}.Debug|x86.ActiveCfg = Debug|x86
		{784F6ECE-1304-4391-92BD-9B4467D68BB1}.Debug|x86.Build.0 = Debug|x86
		{784F6ECE-1304-4391-92BD-9B4467D68BB1}.Debug|x86.Deploy.0 = Debug|x86
		{784F6ECE-1304-4391-92BD-9B4467D68BB1}.Release|Any CPU.ActiveCfg = Release|Any CPU
		{784F6ECE-1304-4391-92BD-9B4467D68BB1}.Release|Any CPU.Build.0 = Release|Any CPU
		{784F6ECE-1304-4391-92BD-9B4467D68BB1}.Release|Any CPU.Deploy.0 = Release|Any CPU
		{784F6ECE-1304-4391-92BD-9B4467D68BB1}.Release|ARM.ActiveCfg = Release|ARM
		{784F6ECE-1304-4391-92BD-9B4467D68BB1}.Release|ARM.Build.0 = Release|ARM
		{784F6ECE-1304-4391-92BD-9B4467D68BB1}.Release|ARM.Deploy.0 = Release|ARM
		{784F6ECE-1304-4391-92BD-9B4467D68BB1}.Release|iPhone.ActiveCfg = Release|Any CPU
		{784F6ECE-1304-4391-92BD-9B4467D68BB1}.Release|iPhone.Build.0 = Release|Any CPU
		{784F6ECE-1304-4391-92BD-9B4467D68BB1}.Release|iPhone.Deploy.0 = Release|Any CPU
		{784F6ECE-1304-4391-92BD-9B4467D68BB1}.Release|iPhoneSimulator.ActiveCfg = Release|Any CPU
		{784F6ECE-1304-4391-92BD-9B4467D68BB1}.Release|iPhoneSimulator.Build.0 = Release|Any CPU
		{784F6ECE-1304-4391-92BD-9B4467D68BB1}.Release|iPhoneSimulator.Deploy.0 = Release|Any CPU
		{784F6ECE-1304-4391-92BD-9B4467D68BB1}.Release|x64.ActiveCfg = Release|x64
		{784F6ECE-1304-4391-92BD-9B4467D68BB1}.Release|x64.Build.0 = Release|x64
		{784F6ECE-1304-4391-92BD-9B4467D68BB1}.Release|x64.Deploy.0 = Release|x64
		{784F6ECE-1304-4391-92BD-9B4467D68BB1}.Release|x86.ActiveCfg = Release|x86
		{784F6ECE-1304-4391-92BD-9B4467D68BB1}.Release|x86.Build.0 = Release|x86
		{784F6ECE-1304-4391-92BD-9B4467D68BB1}.Release|x86.Deploy.0 = Release|x86
		{E9859F04-BA52-4EFE-B368-B4F3F9D1CBD3}.Ad-Hoc|Any CPU.ActiveCfg = Release|Any CPU
		{E9859F04-BA52-4EFE-B368-B4F3F9D1CBD3}.Ad-Hoc|Any CPU.Build.0 = Release|Any CPU
		{E9859F04-BA52-4EFE-B368-B4F3F9D1CBD3}.Ad-Hoc|ARM.ActiveCfg = Release|Any CPU
		{E9859F04-BA52-4EFE-B368-B4F3F9D1CBD3}.Ad-Hoc|ARM.Build.0 = Release|Any CPU
		{E9859F04-BA52-4EFE-B368-B4F3F9D1CBD3}.Ad-Hoc|iPhone.ActiveCfg = Release|Any CPU
		{E9859F04-BA52-4EFE-B368-B4F3F9D1CBD3}.Ad-Hoc|iPhone.Build.0 = Release|Any CPU
		{E9859F04-BA52-4EFE-B368-B4F3F9D1CBD3}.Ad-Hoc|iPhoneSimulator.ActiveCfg = Release|Any CPU
		{E9859F04-BA52-4EFE-B368-B4F3F9D1CBD3}.Ad-Hoc|iPhoneSimulator.Build.0 = Release|Any CPU
		{E9859F04-BA52-4EFE-B368-B4F3F9D1CBD3}.Ad-Hoc|x64.ActiveCfg = Release|Any CPU
		{E9859F04-BA52-4EFE-B368-B4F3F9D1CBD3}.Ad-Hoc|x64.Build.0 = Release|Any CPU
		{E9859F04-BA52-4EFE-B368-B4F3F9D1CBD3}.Ad-Hoc|x86.ActiveCfg = Release|Any CPU
		{E9859F04-BA52-4EFE-B368-B4F3F9D1CBD3}.Ad-Hoc|x86.Build.0 = Release|Any CPU
		{E9859F04-BA52-4EFE-B368-B4F3F9D1CBD3}.AppStore|Any CPU.ActiveCfg = Release|Any CPU
		{E9859F04-BA52-4EFE-B368-B4F3F9D1CBD3}.AppStore|Any CPU.Build.0 = Release|Any CPU
		{E9859F04-BA52-4EFE-B368-B4F3F9D1CBD3}.AppStore|ARM.ActiveCfg = Release|Any CPU
		{E9859F04-BA52-4EFE-B368-B4F3F9D1CBD3}.AppStore|ARM.Build.0 = Release|Any CPU
		{E9859F04-BA52-4EFE-B368-B4F3F9D1CBD3}.AppStore|iPhone.ActiveCfg = Release|Any CPU
		{E9859F04-BA52-4EFE-B368-B4F3F9D1CBD3}.AppStore|iPhone.Build.0 = Release|Any CPU
		{E9859F04-BA52-4EFE-B368-B4F3F9D1CBD3}.AppStore|iPhoneSimulator.ActiveCfg = Release|Any CPU
		{E9859F04-BA52-4EFE-B368-B4F3F9D1CBD3}.AppStore|iPhoneSimulator.Build.0 = Release|Any CPU
		{E9859F04-BA52-4EFE-B368-B4F3F9D1CBD3}.AppStore|x64.ActiveCfg = Release|Any CPU
		{E9859F04-BA52-4EFE-B368-B4F3F9D1CBD3}.AppStore|x64.Build.0 = Release|Any CPU
		{E9859F04-BA52-4EFE-B368-B4F3F9D1CBD3}.AppStore|x86.ActiveCfg = Release|Any CPU
		{E9859F04-BA52-4EFE-B368-B4F3F9D1CBD3}.AppStore|x86.Build.0 = Release|Any CPU
		{E9859F04-BA52-4EFE-B368-B4F3F9D1CBD3}.Debug|Any CPU.ActiveCfg = Debug|Any CPU
		{E9859F04-BA52-4EFE-B368-B4F3F9D1CBD3}.Debug|Any CPU.Build.0 = Debug|Any CPU
		{E9859F04-BA52-4EFE-B368-B4F3F9D1CBD3}.Debug|ARM.ActiveCfg = Debug|Any CPU
		{E9859F04-BA52-4EFE-B368-B4F3F9D1CBD3}.Debug|ARM.Build.0 = Debug|Any CPU
		{E9859F04-BA52-4EFE-B368-B4F3F9D1CBD3}.Debug|iPhone.ActiveCfg = Debug|Any CPU
		{E9859F04-BA52-4EFE-B368-B4F3F9D1CBD3}.Debug|iPhone.Build.0 = Debug|Any CPU
		{E9859F04-BA52-4EFE-B368-B4F3F9D1CBD3}.Debug|iPhoneSimulator.ActiveCfg = Debug|Any CPU
		{E9859F04-BA52-4EFE-B368-B4F3F9D1CBD3}.Debug|iPhoneSimulator.Build.0 = Debug|Any CPU
		{E9859F04-BA52-4EFE-B368-B4F3F9D1CBD3}.Debug|x64.ActiveCfg = Debug|Any CPU
		{E9859F04-BA52-4EFE-B368-B4F3F9D1CBD3}.Debug|x64.Build.0 = Debug|Any CPU
		{E9859F04-BA52-4EFE-B368-B4F3F9D1CBD3}.Debug|x86.ActiveCfg = Debug|Any CPU
		{E9859F04-BA52-4EFE-B368-B4F3F9D1CBD3}.Debug|x86.Build.0 = Debug|Any CPU
		{E9859F04-BA52-4EFE-B368-B4F3F9D1CBD3}.Release|Any CPU.ActiveCfg = Release|Any CPU
		{E9859F04-BA52-4EFE-B368-B4F3F9D1CBD3}.Release|Any CPU.Build.0 = Release|Any CPU
		{E9859F04-BA52-4EFE-B368-B4F3F9D1CBD3}.Release|ARM.ActiveCfg = Release|Any CPU
		{E9859F04-BA52-4EFE-B368-B4F3F9D1CBD3}.Release|ARM.Build.0 = Release|Any CPU
		{E9859F04-BA52-4EFE-B368-B4F3F9D1CBD3}.Release|iPhone.ActiveCfg = Release|Any CPU
		{E9859F04-BA52-4EFE-B368-B4F3F9D1CBD3}.Release|iPhone.Build.0 = Release|Any CPU
		{E9859F04-BA52-4EFE-B368-B4F3F9D1CBD3}.Release|iPhoneSimulator.ActiveCfg = Release|Any CPU
		{E9859F04-BA52-4EFE-B368-B4F3F9D1CBD3}.Release|iPhoneSimulator.Build.0 = Release|Any CPU
		{E9859F04-BA52-4EFE-B368-B4F3F9D1CBD3}.Release|x64.ActiveCfg = Release|Any CPU
		{E9859F04-BA52-4EFE-B368-B4F3F9D1CBD3}.Release|x64.Build.0 = Release|Any CPU
		{E9859F04-BA52-4EFE-B368-B4F3F9D1CBD3}.Release|x86.ActiveCfg = Release|Any CPU
		{E9859F04-BA52-4EFE-B368-B4F3F9D1CBD3}.Release|x86.Build.0 = Release|Any CPU
	EndGlobalSection
	GlobalSection(SolutionProperties) = preSolution
		HideSolutionNode = FALSE
	EndGlobalSection
EndGlobal
